
Microsoft Visual Studio Solution File, Format Version 12.00
# Visual Studio Version 17
VisualStudioVersion = 17.14.36109.1 d17.14
MinimumVisualStudioVersion = 10.0.40219.1
Project("{FAE04EC0-301F-11D3-BF4B-00C04F79EFBC}") = "S25W3IntroToInheritance", "S25W3IntroToInheritance\S25W3IntroToInheritance.csproj", "{B5C4591B-AC32-4D01-A0C7-D791B3782D1F}"
EndProject
Global
	GlobalSection(SolutionConfigurationPlatforms) = preSolution
		Debug|Any CPU = Debug|Any CPU
		Release|Any CPU = Release|Any CPU
	EndGlobalSection
	GlobalSection(ProjectConfigurationPlatforms) = postSolution
		{B5C4591B-AC32-4D01-A0C7-D791B3782D1F}.Debug|Any CPU.ActiveCfg = Debug|Any CPU
		{B5C4591B-AC32-4D01-A0C7-D791B3782D1F}.Debug|Any CPU.Build.0 = Debug|Any CPU
		{B5C4591B-AC32-4D01-A0C7-D791B3782D1F}.Release|Any CPU.ActiveCfg = Release|Any CPU
		{B5C4591B-AC32-4D01-A0C7-D791B3782D1F}.Release|Any CPU.Build.0 = Release|Any CPU
	EndGlobalSection
	GlobalSection(SolutionProperties) = preSolution
		HideSolutionNode = FALSE
	EndGlobalSection
	GlobalSection(ExtensibilityGlobals) = postSolution
		SolutionGuid = {0C7D7CE2-F7A3-415A-B398-D3B0DC280B6D}
	EndGlobalSection
EndGlobal
